# THIS IS AN AUTOGENERATED FILE. DO NOT EDIT THIS FILE DIRECTLY.
# yarn lockfile v1


windicss@^3.1.8:
  version "3.1.8"
  resolved "https://registry.yarnpkg.com/windicss/-/windicss-3.1.8.tgz#56e80e362e6d1d32cc3d1d5c63069dca14d9fe4a"
  integrity sha512-G1UfnnSZ3s4MZnqqIL8DOQbL8rBArQKlodlby8OvP333TPaRouamuIuYyCt5kSNEJzFrkx168TSRIkqhDs9bOA==
